
Microsoft Visual Studio Solution File, Format Version 10.00
# Visual Studio 2008
Project("{8BC9CEB8-8B4A-11D0-8D11-00A0C91BC942}") = "单链表基操", "单链表基操\单链表基操.vcproj", "{54BF286F-8AE6-4EA8-A33B-C24ADCF5D185}"
EndProject
Global
	GlobalSection(SolutionConfigurationPlatforms) = preSolution
		Debug|Win32 = Debug|Win32
		Release|Win32 = Release|Win32
	EndGlobalSection
	GlobalSection(ProjectConfigurationPlatforms) = postSolution
		{54BF286F-8AE6-4EA8-A33B-C24ADCF5D185}.Debug|Win32.ActiveCfg = Debug|Win32
		{54BF286F-8AE6-4EA8-A33B-C24ADCF5D185}.Debug|Win32.Build.0 = Debug|Win32
		{54BF286F-8AE6-4EA8-A33B-C24ADCF5D185}.Release|Win32.ActiveCfg = Release|Win32
		{54BF286F-8AE6-4EA8-A33B-C24ADCF5D185}.Release|Win32.Build.0 = Release|Win32
	EndGlobalSection
	GlobalSection(SolutionProperties) = preSolution
		HideSolutionNode = FALSE
	EndGlobalSection
EndGlobal
